
Microsoft Visual Studio Solution File, Format Version 12.00
# Visual Studio Version 17
VisualStudioVersion = 17.4.33110.190
MinimumVisualStudioVersion = 10.0.40219.1
Project("{9A19103F-16F7-4668-BE54-9A1E7A4F7556}") = "14.0.4", "14.0.4\14.0.4.csproj", "{76472A99-B66C-4405-8CF3-4C0EF0B6782B}"
EndProject
Project("{9A19103F-16F7-4668-BE54-9A1E7A4F7556}") = "14.0.8", "14.0.8\14.0.8.csproj", "{D4857EC1-77B7-4653-9CBD-35346D4D56D9}"
EndProject
Project("{FAE04EC0-301F-11D3-BF4B-00C04F79EFBC}") = "14.1.1", "14.1.1\14.1.1.csproj", "{CD563CEB-B831-45AC-8E9B-3080532ACD2D}"
EndProject
Project("{FAE04EC0-301F-11D3-BF4B-00C04F79EFBC}") = "14.1.2", "14.1.2\14.1.2.csproj", "{EA60F6EA-788B-46B2-8FC2-5D5B87974869}"
EndProject
Project("{FAE04EC0-301F-11D3-BF4B-00C04F79EFBC}") = "ConsoleApp1", "ConsoleApp1\ConsoleApp1.csproj", "{BF474D8C-F280-4372-B5CD-C2DE7B0FA6D5}"
EndProject
Project("{FAE04EC0-301F-11D3-BF4B-00C04F79EFBC}") = "14.1.5", "14.1.5\14.1.5.csproj", "{01480B4C-30F9-4203-8D32-81EE2E076FF7}"
EndProject
Project("{FAE04EC0-301F-11D3-BF4B-00C04F79EFBC}") = "14.1.6", "14.1.6\14.1.6.csproj", "{A846F145-5054-48C8-86C5-CCE48669AAAF}"
EndProject
Project("{FAE04EC0-301F-11D3-BF4B-00C04F79EFBC}") = "14.2.1", "14.2.1\14.2.1.csproj", "{B52093FC-7479-4593-954E-6CDA5EC3E29A}"
EndProject
Project("{FAE04EC0-301F-11D3-BF4B-00C04F79EFBC}") = "14.2.3", "14.2.3\14.2.3.csproj", "{E1F66F1D-3263-4B11-8769-E8049C88F17E}"
EndProject
Project("{FAE04EC0-301F-11D3-BF4B-00C04F79EFBC}") = "14.2.4", "14.2.4\14.2.4.csproj", "{373298B0-9B53-4F3B-BB91-AD93E79F1600}"
EndProject
Global
	GlobalSection(SolutionConfigurationPlatforms) = preSolution
		Debug|Any CPU = Debug|Any CPU
		Release|Any CPU = Release|Any CPU
	EndGlobalSection
	GlobalSection(ProjectConfigurationPlatforms) = postSolution
		{76472A99-B66C-4405-8CF3-4C0EF0B6782B}.Debug|Any CPU.ActiveCfg = Debug|Any CPU
		{76472A99-B66C-4405-8CF3-4C0EF0B6782B}.Debug|Any CPU.Build.0 = Debug|Any CPU
		{76472A99-B66C-4405-8CF3-4C0EF0B6782B}.Release|Any CPU.ActiveCfg = Release|Any CPU
		{76472A99-B66C-4405-8CF3-4C0EF0B6782B}.Release|Any CPU.Build.0 = Release|Any CPU
		{D4857EC1-77B7-4653-9CBD-35346D4D56D9}.Debug|Any CPU.ActiveCfg = Debug|Any CPU
		{D4857EC1-77B7-4653-9CBD-35346D4D56D9}.Debug|Any CPU.Build.0 = Debug|Any CPU
		{D4857EC1-77B7-4653-9CBD-35346D4D56D9}.Release|Any CPU.ActiveCfg = Release|Any CPU
		{D4857EC1-77B7-4653-9CBD-35346D4D56D9}.Release|Any CPU.Build.0 = Release|Any CPU
		{CD563CEB-B831-45AC-8E9B-3080532ACD2D}.Debug|Any CPU.ActiveCfg = Debug|Any CPU
		{CD563CEB-B831-45AC-8E9B-3080532ACD2D}.Debug|Any CPU.Build.0 = Debug|Any CPU
		{CD563CEB-B831-45AC-8E9B-3080532ACD2D}.Release|Any CPU.ActiveCfg = Release|Any CPU
		{CD563CEB-B831-45AC-8E9B-3080532ACD2D}.Release|Any CPU.Build.0 = Release|Any CPU
		{EA60F6EA-788B-46B2-8FC2-5D5B87974869}.Debug|Any CPU.ActiveCfg = Debug|Any CPU
		{EA60F6EA-788B-46B2-8FC2-5D5B87974869}.Debug|Any CPU.Build.0 = Debug|Any CPU
		{EA60F6EA-788B-46B2-8FC2-5D5B87974869}.Release|Any CPU.ActiveCfg = Release|Any CPU
		{EA60F6EA-788B-46B2-8FC2-5D5B87974869}.Release|Any CPU.Build.0 = Release|Any CPU
		{BF474D8C-F280-4372-B5CD-C2DE7B0FA6D5}.Debug|Any CPU.ActiveCfg = Debug|Any CPU
		{BF474D8C-F280-4372-B5CD-C2DE7B0FA6D5}.Debug|Any CPU.Build.0 = Debug|Any CPU
		{BF474D8C-F280-4372-B5CD-C2DE7B0FA6D5}.Release|Any CPU.ActiveCfg = Release|Any CPU
		{BF474D8C-F280-4372-B5CD-C2DE7B0FA6D5}.Release|Any CPU.Build.0 = Release|Any CPU
		{01480B4C-30F9-4203-8D32-81EE2E076FF7}.Debug|Any CPU.ActiveCfg = Debug|Any CPU
		{01480B4C-30F9-4203-8D32-81EE2E076FF7}.Debug|Any CPU.Build.0 = Debug|Any CPU
		{01480B4C-30F9-4203-8D32-81EE2E076FF7}.Release|Any CPU.ActiveCfg = Release|Any CPU
		{01480B4C-30F9-4203-8D32-81EE2E076FF7}.Release|Any CPU.Build.0 = Release|Any CPU
		{A846F145-5054-48C8-86C5-CCE48669AAAF}.Debug|Any CPU.ActiveCfg = Debug|Any CPU
		{A846F145-5054-48C8-86C5-CCE48669AAAF}.Debug|Any CPU.Build.0 = Debug|Any CPU
		{A846F145-5054-48C8-86C5-CCE48669AAAF}.Release|Any CPU.ActiveCfg = Release|Any CPU
		{A846F145-5054-48C8-86C5-CCE48669AAAF}.Release|Any CPU.Build.0 = Release|Any CPU
		{B52093FC-7479-4593-954E-6CDA5EC3E29A}.Debug|Any CPU.ActiveCfg = Debug|Any CPU
		{B52093FC-7479-4593-954E-6CDA5EC3E29A}.Debug|Any CPU.Build.0 = Debug|Any CPU
		{B52093FC-7479-4593-954E-6CDA5EC3E29A}.Release|Any CPU.ActiveCfg = Release|Any CPU
		{B52093FC-7479-4593-954E-6CDA5EC3E29A}.Release|Any CPU.Build.0 = Release|Any CPU
		{E1F66F1D-3263-4B11-8769-E8049C88F17E}.Debug|Any CPU.ActiveCfg = Debug|Any CPU
		{E1F66F1D-3263-4B11-8769-E8049C88F17E}.Debug|Any CPU.Build.0 = Debug|Any CPU
		{E1F66F1D-3263-4B11-8769-E8049C88F17E}.Release|Any CPU.ActiveCfg = Release|Any CPU
		{E1F66F1D-3263-4B11-8769-E8049C88F17E}.Release|Any CPU.Build.0 = Release|Any CPU
		{373298B0-9B53-4F3B-BB91-AD93E79F1600}.Debug|Any CPU.ActiveCfg = Debug|Any CPU
		{373298B0-9B53-4F3B-BB91-AD93E79F1600}.Debug|Any CPU.Build.0 = Debug|Any CPU
		{373298B0-9B53-4F3B-BB91-AD93E79F1600}.Release|Any CPU.ActiveCfg = Release|Any CPU
		{373298B0-9B53-4F3B-BB91-AD93E79F1600}.Release|Any CPU.Build.0 = Release|Any CPU
	EndGlobalSection
	GlobalSection(SolutionProperties) = preSolution
		HideSolutionNode = FALSE
	EndGlobalSection
	GlobalSection(ExtensibilityGlobals) = postSolution
		SolutionGuid = {49268A0F-7F63-4598-B30C-750D33689B41}
	EndGlobalSection
EndGlobal
